// !$*UTF8*$!
{
	archiveVersion = 1;
	classes = {
	};
	objectVersion = 50;
	objects = {

/* Begin PBXBuildFile section */
		32622298255998CC00060FE5 /* UniveralLinkAppAApp.swift in Sources */ = {isa = PBXBuildFile; fileRef = 32622297255998CC00060FE5 /* UniveralLinkAppAApp.swift */; };
		3262229A255998CC00060FE5 /* ContentView.swift in Sources */ = {isa = PBXBuildFile; fileRef = 32622299255998CC00060FE5 /* ContentView.swift */; };
		3262229C255998CE00060FE5 /* Assets.xcassets in Resources */ = {isa = PBXBuildFile; fileRef = 3262229B255998CE00060FE5 /* Assets.xcassets */; };
		3262229F255998CE00060FE5 /* Preview Assets.xcassets in Resources */ = {isa = PBXBuildFile; fileRef = 3262229E255998CE00060FE5 /* Preview Assets.xcassets */; };
		32F420772559F4E800F60BB0 /* UniveralLinkAppBApp.swift in Sources */ = {isa = PBXBuildFile; fileRef = 32F420762559F4E800F60BB0 /* UniveralLinkAppBApp.swift */; };
		32F420792559F4E800F60BB0 /* ContentView.swift in Sources */ = {isa = PBXBuildFile; fileRef = 32F420782559F4E800F60BB0 /* ContentView.swift */; };
		32F4207B2559F4E900F60BB0 /* Assets.xcassets in Resources */ = {isa = PBXBuildFile; fileRef = 32F4207A2559F4E900F60BB0 /* Assets.xcassets */; };
		32F4207E2559F4E900F60BB0 /* Preview Assets.xcassets in Resources */ = {isa = PBXBuildFile; fileRef = 32F4207D2559F4E900F60BB0 /* Preview Assets.xcassets */; };
/* End PBXBuildFile section */

/* Begin PBXFileReference section */
		32622294255998CC00060FE5 /* UniveralLinkAppA.app */ = {isa = PBXFileReference; explicitFileType = wrapper.application; includeInIndex = 0; path = UniveralLinkAppA.app; sourceTree = BUILT_PRODUCTS_DIR; };
		32622297255998CC00060FE5 /* UniveralLinkAppAApp.swift */ = {isa = PBXFileReference; lastKnownFileType = sourcecode.swift; path = UniveralLinkAppAApp.swift; sourceTree = "<group>"; };
		32622299255998CC00060FE5 /* ContentView.swift */ = {isa = PBXFileReference; lastKnownFileType = sourcecode.swift; path = ContentView.swift; sourceTree = "<group>"; };
		3262229B255998CE00060FE5 /* Assets.xcassets */ = {isa = PBXFileReference; lastKnownFileType = folder.assetcatalog; path = Assets.xcassets; sourceTree = "<group>"; };
		3262229E255998CE00060FE5 /* Preview Assets.xcassets */ = {isa = PBXFileReference; lastKnownFileType = folder.assetcatalog; path = "Preview Assets.xcassets"; sourceTree = "<group>"; };
		326222A0255998CE00060FE5 /* Info.plist */ = {isa = PBXFileReference; lastKnownFileType = text.plist.xml; path = Info.plist; sourceTree = "<group>"; };
		32F420692559B37600F60BB0 /* UniveralLinkAppA.entitlements */ = {isa = PBXFileReference; lastKnownFileType = text.plist.entitlements; path = UniveralLinkAppA.entitlements; sourceTree = "<group>"; };
		32F420742559F4E800F60BB0 /* UniveralLinkAppB.app */ = {isa = PBXFileReference; explicitFileType = wrapper.application; includeInIndex = 0; path = UniveralLinkAppB.app; sourceTree = BUILT_PRODUCTS_DIR; };
		32F420762559F4E800F60BB0 /* UniveralLinkAppBApp.swift */ = {isa = PBXFileReference; lastKnownFileType = sourcecode.swift; path = UniveralLinkAppBApp.swift; sourceTree = "<group>"; };
		32F420782559F4E800F60BB0 /* ContentView.swift */ = {isa = PBXFileReference; lastKnownFileType = sourcecode.swift; path = ContentView.swift; sourceTree = "<group>"; };
		32F4207A2559F4E900F60BB0 /* Assets.xcassets */ = {isa = PBXFileReference; lastKnownFileType = folder.assetcatalog; path = Assets.xcassets; sourceTree = "<group>"; };
		32F4207D2559F4E900F60BB0 /* Preview Assets.xcassets */ = {isa = PBXFileReference; lastKnownFileType = folder.assetcatalog; path = "Preview Assets.xcassets"; sourceTree = "<group>"; };
		32F4207F2559F4E900F60BB0 /* Info.plist */ = {isa = PBXFileReference; lastKnownFileType = text.plist.xml; path = Info.plist; sourceTree = "<group>"; };
		32F42085255A06A200F60BB0 /* UniveralLinkAppB.entitlements */ = {isa = PBXFileReference; lastKnownFileType = text.plist.entitlements; path = UniveralLinkAppB.entitlements; sourceTree = "<group>"; };
		32F42089255A08C900F60BB0 /* apple-app-site-association */ = {isa = PBXFileReference; lastKnownFileType = text; path = "apple-app-site-association"; sourceTree = "<group>"; };
		32F4208A255A08EE00F60BB0 /* README.md */ = {isa = PBXFileReference; lastKnownFileType = net.daringfireball.markdown; path = README.md; sourceTree = "<group>"; };
/* End PBXFileReference section */

/* Begin PBXFrameworksBuildPhase section */
		32622291255998CC00060FE5 /* Frameworks */ = {
			isa = PBXFrameworksBuildPhase;
			buildActionMask = 2147483647;
			files = (
			);
			runOnlyForDeploymentPostprocessing = 0;
		};
		32F420712559F4E800F60BB0 /* Frameworks */ = {
			isa = PBXFrameworksBuildPhase;
			buildActionMask = 2147483647;
			files = (
			);
			runOnlyForDeploymentPostprocessing = 0;
		};
/* End PBXFrameworksBuildPhase section */

/* Begin PBXGroup section */
		3262228B255998CC00060FE5 = {
			isa = PBXGroup;
			children = (
				32F4208A255A08EE00F60BB0 /* README.md */,
				32F42088255A089D00F60BB0 /* Website */,
				32622296255998CC00060FE5 /* UniveralLinkAppA */,
				32F420752559F4E800F60BB0 /* UniveralLinkAppB */,
				32622295255998CC00060FE5 /* Products */,
			);
			sourceTree = "<group>";
		};
		32622295255998CC00060FE5 /* Products */ = {
			isa = PBXGroup;
			children = (
				32622294255998CC00060FE5 /* UniveralLinkAppA.app */,
				32F420742559F4E800F60BB0 /* UniveralLinkAppB.app */,
			);
			name = Products;
			sourceTree = "<group>";
		};
		32622296255998CC00060FE5 /* UniveralLinkAppA */ = {
			isa = PBXGroup;
			children = (
				32F420692559B37600F60BB0 /* UniveralLinkAppA.entitlements */,
				32622297255998CC00060FE5 /* UniveralLinkAppAApp.swift */,
				32622299255998CC00060FE5 /* ContentView.swift */,
				3262229B255998CE00060FE5 /* Assets.xcassets */,
				326222A0255998CE00060FE5 /* Info.plist */,
				3262229D255998CE00060FE5 /* Preview Content */,
			);
			path = UniveralLinkAppA;
			sourceTree = "<group>";
		};
		3262229D255998CE00060FE5 /* Preview Content */ = {
			isa = PBXGroup;
			children = (
				3262229E255998CE00060FE5 /* Preview Assets.xcassets */,
			);
			path = "Preview Content";
			sourceTree = "<group>";
		};
		32F420752559F4E800F60BB0 /* UniveralLinkAppB */ = {
			isa = PBXGroup;
			children = (
				32F42085255A06A200F60BB0 /* UniveralLinkAppB.entitlements */,
				32F420762559F4E800F60BB0 /* UniveralLinkAppBApp.swift */,
				32F420782559F4E800F60BB0 /* ContentView.swift */,
				32F4207A2559F4E900F60BB0 /* Assets.xcassets */,
				32F4207F2559F4E900F60BB0 /* Info.plist */,
				32F4207C2559F4E900F60BB0 /* Preview Content */,
			);
			path = UniveralLinkAppB;
			sourceTree = "<group>";
		};
		32F4207C2559F4E900F60BB0 /* Preview Content */ = {
			isa = PBXGroup;
			children = (
				32F4207D2559F4E900F60BB0 /* Preview Assets.xcassets */,
			);
			path = "Preview Content";
			sourceTree = "<group>";
		};
		32F42088255A089D00F60BB0 /* Website */ = {
			isa = PBXGroup;
			children = (
				32F42089255A08C900F60BB0 /* apple-app-site-association */,
			);
			path = Website;
			sourceTree = "<group>";
		};
/* End PBXGroup section */

/* Begin PBXNativeTarget section */
		32622293255998CC00060FE5 /* UniveralLinkAppA */ = {
			isa = PBXNativeTarget;
			buildConfigurationList = 326222A3255998CE00060FE5 /* Build configuration list for PBXNativeTarget "UniveralLinkAppA" */;
			buildPhases = (
				32622290255998CC00060FE5 /* Sources */,
				32622291255998CC00060FE5 /* Frameworks */,
				32622292255998CC00060FE5 /* Resources */,
			);
			buildRules = (
			);
			dependencies = (
			);
			name = UniveralLinkAppA;
			productName = UniveralLinkAppA;
			productReference = 32622294255998CC00060FE5 /* UniveralLinkAppA.app */;
			productType = "com.apple.product-type.application";
		};
		32F420732559F4E800F60BB0 /* UniveralLinkAppB */ = {
			isa = PBXNativeTarget;
			buildConfigurationList = 32F420802559F4E900F60BB0 /* Build configuration list for PBXNativeTarget "UniveralLinkAppB" */;
			buildPhases = (
				32F420702559F4E800F60BB0 /* Sources */,
				32F420712559F4E800F60BB0 /* Frameworks */,
				32F420722559F4E800F60BB0 /* Resources */,
			);
			buildRules = (
			);
			dependencies = (
			);
			name = UniveralLinkAppB;
			productName = UniveralLinkAppB;
			productReference = 32F420742559F4E800F60BB0 /* UniveralLinkAppB.app */;
			productType = "com.apple.product-type.application";
		};
/* End PBXNativeTarget section */

/* Begin PBXProject section */
		3262228C255998CC00060FE5 /* Project object */ = {
			isa = PBXProject;
			attributes = {
				LastSwiftUpdateCheck = 1220;
				LastUpgradeCheck = 1210;
				TargetAttributes = {
					32622293255998CC00060FE5 = {
						CreatedOnToolsVersion = 12.1;
					};
					32F420732559F4E800F60BB0 = {
						CreatedOnToolsVersion = 12.2;
					};
				};
			};
			buildConfigurationList = 3262228F255998CC00060FE5 /* Build configuration list for PBXProject "UniveralLinkAppA" */;
			compatibilityVersion = "Xcode 9.3";
			developmentRegion = en;
			hasScannedForEncodings = 0;
			knownRegions = (
				en,
				Base,
			);
			mainGroup = 3262228B255998CC00060FE5;
			productRefGroup = 32622295255998CC00060FE5 /* Products */;
			projectDirPath = "";
			projectRoot = "";
			targets = (
				32622293255998CC00060FE5 /* UniveralLinkAppA */,
				32F420732559F4E800F60BB0 /* UniveralLinkAppB */,
			);
		};
/* End PBXProject section */

/* Begin PBXResourcesBuildPhase section */
		32622292255998CC00060FE5 /* Resources */ = {
			isa = PBXResourcesBuildPhase;
			buildActionMask = 2147483647;
			files = (
				3262229F255998CE00060FE5 /* Preview Assets.xcassets in Resources */,
				3262229C255998CE00060FE5 /* Assets.xcassets in Resources */,
			);
			runOnlyForDeploymentPostprocessing = 0;
		};
		32F420722559F4E800F60BB0 /* Resources */ = {
			isa = PBXResourcesBuildPhase;
			buildActionMask = 2147483647;
			files = (
				32F4207E2559F4E900F60BB0 /* Preview Assets.xcassets in Resources */,
				32F4207B2559F4E900F60BB0 /* Assets.xcassets in Resources */,
			);
			runOnlyForDeploymentPostprocessing = 0;
		};
/* End PBXResourcesBuildPhase section */

/* Begin PBXSourcesBuildPhase section */
		32622290255998CC00060FE5 /* Sources */ = {
			isa = PBXSourcesBuildPhase;
			buildActionMask = 2147483647;
			files = (
				3262229A255998CC00060FE5 /* ContentView.swift in Sources */,
				32622298255998CC00060FE5 /* UniveralLinkAppAApp.swift in Sources */,
			);
			runOnlyForDeploymentPostprocessing = 0;
		};
		32F420702559F4E800F60BB0 /* Sources */ = {
			isa = PBXSourcesBuildPhase;
			buildActionMask = 2147483647;
			files = (
				32F420792559F4E800F60BB0 /* ContentView.swift in Sources */,
				32F420772559F4E800F60BB0 /* UniveralLinkAppBApp.swift in Sources */,
			);
			runOnlyForDeploymentPostprocessing = 0;
		};
/* End PBXSourcesBuildPhase section */

/* Begin XCBuildConfiguration section */
		326222A1255998CE00060FE5 /* Debug */ = {
			isa = XCBuildConfiguration;
			buildSettings = {
				ALWAYS_SEARCH_USER_PATHS = NO;
				CLANG_ANALYZER_NONNULL = YES;
				CLANG_ANALYZER_NUMBER_OBJECT_CONVERSION = YES_AGGRESSIVE;
				CLANG_CXX_LANGUAGE_STANDARD = "gnu++14";
				CLANG_CXX_LIBRARY = "libc++";
				CLANG_ENABLE_MODULES = YES;
				CLANG_ENABLE_OBJC_ARC = YES;
				CLANG_ENABLE_OBJC_WEAK = YES;
				CLANG_WARN_BLOCK_CAPTURE_AUTORELEASING = YES;
				CLANG_WARN_BOOL_CONVERSION = YES;
				CLANG_WARN_COMMA = YES;
				CLANG_WARN_CONSTANT_CONVERSION = YES;
				CLANG_WARN_DEPRECATED_OBJC_IMPLEMENTATIONS = YES;
				CLANG_WARN_DIRECT_OBJC_ISA_USAGE = YES_ERROR;
				CLANG_WARN_DOCUMENTATION_COMMENTS = YES;
				CLANG_WARN_EMPTY_BODY = YES;
				CLANG_WARN_ENUM_CONVERSION = YES;
				CLANG_WARN_INFINITE_RECURSION = YES;
				CLANG_WARN_INT_CONVERSION = YES;
				CLANG_WARN_NON_LITERAL_NULL_CONVERSION = YES;
				CLANG_WARN_OBJC_IMPLICIT_RETAIN_SELF = YES;
				CLANG_WARN_OBJC_LITERAL_CONVERSION = YES;
				CLANG_WARN_OBJC_ROOT_CLASS = YES_ERROR;
				CLANG_WARN_QUOTED_INCLUDE_IN_FRAMEWORK_HEADER = YES;
				CLANG_WARN_RANGE_LOOP_ANALYSIS = YES;
				CLANG_WARN_STRICT_PROTOTYPES = YES;
				CLANG_WARN_SUSPICIOUS_MOVE = YES;
				CLANG_WARN_UNGUARDED_AVAILABILITY = YES_AGGRESSIVE;
				CLANG_WARN_UNREACHABLE_CODE = YES;
				CLANG_WARN__DUPLICATE_METHOD_MATCH = YES;
				COPY_PHASE_STRIP = NO;
				DEBUG_INFORMATION_FORMAT = dwarf;
				ENABLE_STRICT_OBJC_MSGSEND = YES;
				ENABLE_TESTABILITY = YES;
				GCC_C_LANGUAGE_STANDARD = gnu11;
				GCC_DYNAMIC_NO_PIC = NO;
				GCC_NO_COMMON_BLOCKS = YES;
				GCC_OPTIMIZATION_LEVEL = 0;
				GCC_PREPROCESSOR_DEFINITIONS = (
					"DEBUG=1",
					"$(inherited)",
				);
				GCC_WARN_64_TO_32_BIT_CONVERSION = YES;
				GCC_WARN_ABOUT_RETURN_TYPE = YES_ERROR;
				GCC_WARN_UNDECLARED_SELECTOR = YES;
				GCC_WARN_UNINITIALIZED_AUTOS = YES_AGGRESSIVE;
				GCC_WARN_UNUSED_FUNCTION = YES;
				GCC_WARN_UNUSED_VARIABLE = YES;
				IPHONEOS_DEPLOYMENT_TARGET = 14.1;
				MTL_ENABLE_DEBUG_INFO = INCLUDE_SOURCE;
				MTL_FAST_MATH = YES;
				ONLY_ACTIVE_ARCH = YES;
				SDKROOT = iphoneos;
				SWIFT_ACTIVE_COMPILATION_CONDITIONS = DEBUG;
				SWIFT_OPTIMIZATION_LEVEL = "-Onone";
			};
			name = Debug;
		};
		326222A2255998CE00060FE5 /* Release */ = {
			isa = XCBuildConfiguration;
			buildSettings = {
				ALWAYS_SEARCH_USER_PATHS = NO;
				CLANG_ANALYZER_NONNULL = YES;
				CLANG_ANALYZER_NUMBER_OBJECT_CONVERSION = YES_AGGRESSIVE;
				CLANG_CXX_LANGUAGE_STANDARD = "gnu++14";
				CLANG_CXX_LIBRARY = "libc++";
				CLANG_ENABLE_MODULES = YES;
				CLANG_ENABLE_OBJC_ARC = YES;
				CLANG_ENABLE_OBJC_WEAK = YES;
				CLANG_WARN_BLOCK_CAPTURE_AUTORELEASING = YES;
				CLANG_WARN_BOOL_CONVERSION = YES;
				CLANG_WARN_COMMA = YES;
				CLANG_WARN_CONSTANT_CONVERSION = YES;
				CLANG_WARN_DEPRECATED_OBJC_IMPLEMENTATIONS = YES;
				CLANG_WARN_DIRECT_OBJC_ISA_USAGE = YES_ERROR;
				CLANG_WARN_DOCUMENTATION_COMMENTS = YES;
				CLANG_WARN_EMPTY_BODY = YES;
				CLANG_WARN_ENUM_CONVERSION = YES;
				CLANG_WARN_INFINITE_RECURSION = YES;
				CLANG_WARN_INT_CONVERSION = YES;
				CLANG_WARN_NON_LITERAL_NULL_CONVERSION = YES;
				CLANG_WARN_OBJC_IMPLICIT_RETAIN_SELF = YES;
				CLANG_WARN_OBJC_LITERAL_CONVERSION = YES;
				CLANG_WARN_OBJC_ROOT_CLASS = YES_ERROR;
				CLANG_WARN_QUOTED_INCLUDE_IN_FRAMEWORK_HEADER = YES;
				CLANG_WARN_RANGE_LOOP_ANALYSIS = YES;
				CLANG_WARN_STRICT_PROTOTYPES = YES;
				CLANG_WARN_SUSPICIOUS_MOVE = YES;
				CLANG_WARN_UNGUARDED_AVAILABILITY = YES_AGGRESSIVE;
				CLANG_WARN_UNREACHABLE_CODE = YES;
				CLANG_WARN__DUPLICATE_METHOD_MATCH = YES;
				COPY_PHASE_STRIP = NO;
				DEBUG_INFORMATION_FORMAT = "dwarf-with-dsym";
				ENABLE_NS_ASSERTIONS = NO;
				ENABLE_STRICT_OBJC_MSGSEND = YES;
				GCC_C_LANGUAGE_STANDARD = gnu11;
				GCC_NO_COMMON_BLOCKS = YES;
				GCC_WARN_64_TO_32_BIT_CONVERSION = YES;
				GCC_WARN_ABOUT_RETURN_TYPE = YES_ERROR;
				GCC_WARN_UNDECLARED_SELECTOR = YES;
				GCC_WARN_UNINITIALIZED_AUTOS = YES_AGGRESSIVE;
				GCC_WARN_UNUSED_FUNCTION = YES;
				GCC_WARN_UNUSED_VARIABLE = YES;
				IPHONEOS_DEPLOYMENT_TARGET = 14.1;
				MTL_ENABLE_DEBUG_INFO = NO;
				MTL_FAST_MATH = YES;
				SDKROOT = iphoneos;
				SWIFT_COMPILATION_MODE = wholemodule;
				SWIFT_OPTIMIZATION_LEVEL = "-O";
				VALIDATE_PRODUCT = YES;
			};
			name = Release;
		};
		326222A4255998CE00060FE5 /* Debug */ = {
			isa = XCBuildConfiguration;
			buildSettings = {
				ASSETCATALOG_COMPILER_APPICON_NAME = AppIcon;
				ASSETCATALOG_COMPILER_GLOBAL_ACCENT_COLOR_NAME = AccentColor;
				CODE_SIGN_ENTITLEMENTS = UniveralLinkAppA/UniveralLinkAppA.entitlements;
				CODE_SIGN_STYLE = Automatic;
				DEVELOPMENT_ASSET_PATHS = "\"UniveralLinkAppA/Preview Content\"";
				DEVELOPMENT_TEAM = RZAZR374R3;
				ENABLE_PREVIEWS = YES;
				INFOPLIST_FILE = UniveralLinkAppA/Info.plist;
				IPHONEOS_DEPLOYMENT_TARGET = 14.0;
				LD_RUNPATH_SEARCH_PATHS = (
					"$(inherited)",
					"@executable_path/Frameworks",
				);
				PRODUCT_BUNDLE_IDENTIFIER = com.causticmango.UniveralLinkAppA;
				PRODUCT_NAME = "$(TARGET_NAME)";
				SWIFT_VERSION = 5.0;
				TARGETED_DEVICE_FAMILY = "1,2";
			};
			name = Debug;
		};
		326222A5255998CE00060FE5 /* Release */ = {
			isa = XCBuildConfiguration;
			buildSettings = {
				ASSETCATALOG_COMPILER_APPICON_NAME = AppIcon;
				ASSETCATALOG_COMPILER_GLOBAL_ACCENT_COLOR_NAME = AccentColor;
				CODE_SIGN_ENTITLEMENTS = UniveralLinkAppA/UniveralLinkAppA.entitlements;
				CODE_SIGN_STYLE = Automatic;
				DEVELOPMENT_ASSET_PATHS = "\"UniveralLinkAppA/Preview Content\"";
				DEVELOPMENT_TEAM = RZAZR374R3;
				ENABLE_PREVIEWS = YES;
				INFOPLIST_FILE = UniveralLinkAppA/Info.plist;
				IPHONEOS_DEPLOYMENT_TARGET = 14.0;
				LD_RUNPATH_SEARCH_PATHS = (
					"$(inherited)",
					"@executable_path/Frameworks",
				);
				PRODUCT_BUNDLE_IDENTIFIER = com.causticmango.UniveralLinkAppA;
				PRODUCT_NAME = "$(TARGET_NAME)";
				SWIFT_VERSION = 5.0;
				TARGETED_DEVICE_FAMILY = "1,2";
			};
			name = Release;
		};
		32F420812559F4E900F60BB0 /* Debug */ = {
			isa = XCBuildConfiguration;
			buildSettings = {
				ASSETCATALOG_COMPILER_APPICON_NAME = AppIcon;
				ASSETCATALOG_COMPILER_GLOBAL_ACCENT_COLOR_NAME = AccentColor;
				CODE_SIGN_ENTITLEMENTS = UniveralLinkAppB/UniveralLinkAppB.entitlements;
				CODE_SIGN_STYLE = Automatic;
				DEVELOPMENT_ASSET_PATHS = "\"UniveralLinkAppB/Preview Content\"";
				DEVELOPMENT_TEAM = RZAZR374R3;
				ENABLE_PREVIEWS = YES;
				INFOPLIST_FILE = UniveralLinkAppB/Info.plist;
				IPHONEOS_DEPLOYMENT_TARGET = 14.2;
				LD_RUNPATH_SEARCH_PATHS = (
					"$(inherited)",
					"@executable_path/Frameworks",
				);
				PRODUCT_BUNDLE_IDENTIFIER = com.causticmango.UniveralLinkAppB;
				PRODUCT_NAME = "$(TARGET_NAME)";
				SWIFT_VERSION = 5.0;
				TARGETED_DEVICE_FAMILY = "1,2";
			};
			name = Debug;
		};
		32F420822559F4E900F60BB0 /* Release */ = {
			isa = XCBuildConfiguration;
			buildSettings = {
				ASSETCATALOG_COMPILER_APPICON_NAME = AppIcon;
				ASSETCATALOG_COMPILER_GLOBAL_ACCENT_COLOR_NAME = AccentColor;
				CODE_SIGN_ENTITLEMENTS = UniveralLinkAppB/UniveralLinkAppB.entitlements;
				CODE_SIGN_STYLE = Automatic;
				DEVELOPMENT_ASSET_PATHS = "\"UniveralLinkAppB/Preview Content\"";
				DEVELOPMENT_TEAM = RZAZR374R3;
				ENABLE_PREVIEWS = YES;
				INFOPLIST_FILE = UniveralLinkAppB/Info.plist;
				IPHONEOS_DEPLOYMENT_TARGET = 14.2;
				LD_RUNPATH_SEARCH_PATHS = (
					"$(inherited)",
					"@executable_path/Frameworks",
				);
				PRODUCT_BUNDLE_IDENTIFIER = com.causticmango.UniveralLinkAppB;
				PRODUCT_NAME = "$(TARGET_NAME)";
				SWIFT_VERSION = 5.0;
				TARGETED_DEVICE_FAMILY = "1,2";
			};
			name = Release;
		};
/* End XCBuildConfiguration section */

/* Begin XCConfigurationList section */
		3262228F255998CC00060FE5 /* Build configuration list for PBXProject "UniveralLinkAppA" */ = {
			isa = XCConfigurationList;
			buildConfigurations = (
				326222A1255998CE00060FE5 /* Debug */,
				326222A2255998CE00060FE5 /* Release */,
			);
			defaultConfigurationIsVisible = 0;
			defaultConfigurationName = Release;
		};
		326222A3255998CE00060FE5 /* Build configuration list for PBXNativeTarget "UniveralLinkAppA" */ = {
			isa = XCConfigurationList;
			buildConfigurations = (
				326222A4255998CE00060FE5 /* Debug */,
				326222A5255998CE00060FE5 /* Release */,
			);
			defaultConfigurationIsVisible = 0;
			defaultConfigurationName = Release;
		};
		32F420802559F4E900F60BB0 /* Build configuration list for PBXNativeTarget "UniveralLinkAppB" */ = {
			isa = XCConfigurationList;
			buildConfigurations = (
				32F420812559F4E900F60BB0 /* Debug */,
				32F420822559F4E900F60BB0 /* Release */,
			);
			defaultConfigurationIsVisible = 0;
			defaultConfigurationName = Release;
		};
/* End XCConfigurationList section */
	};
	rootObject = 3262228C255998CC00060FE5 /* Project object */;
}
